
Microsoft Visual Studio Solution File, Format Version 12.00
# Visual Studio Version 17
VisualStudioVersion = 17.14.36518.9 d17.14
MinimumVisualStudioVersion = 10.0.40219.1
Project("{FAE04EC0-301F-11D3-BF4B-00C04F79EFBC}") = "practica-solid.web", "practica-solid.web\practica-solid.web.csproj", "{09E6262D-C9AA-4128-AC71-3F07F01B88DF}"
EndProject
Global
	GlobalSection(SolutionConfigurationPlatforms) = preSolution
		Debug|Any CPU = Debug|Any CPU
		Release|Any CPU = Release|Any CPU
	EndGlobalSection
	GlobalSection(ProjectConfigurationPlatforms) = postSolution
		{09E6262D-C9AA-4128-AC71-3F07F01B88DF}.Debug|Any CPU.ActiveCfg = Debug|Any CPU
		{09E6262D-C9AA-4128-AC71-3F07F01B88DF}.Debug|Any CPU.Build.0 = Debug|Any CPU
		{09E6262D-C9AA-4128-AC71-3F07F01B88DF}.Release|Any CPU.ActiveCfg = Release|Any CPU
		{09E6262D-C9AA-4128-AC71-3F07F01B88DF}.Release|Any CPU.Build.0 = Release|Any CPU
	EndGlobalSection
	GlobalSection(SolutionProperties) = preSolution
		HideSolutionNode = FALSE
	EndGlobalSection
	GlobalSection(ExtensibilityGlobals) = postSolution
		SolutionGuid = {9F3DBD49-D6BB-4FB8-8270-6C9FF4CBEC36}
	EndGlobalSection
EndGlobal
